<?xml version="1.0" encoding="utf-8"?>
<Project ToolsVersion="4.0" xmlns="http://schemas.microsoft.com/developer/msbuild/2003">
  <ItemGroup>
    <Filter Include="Source Files">
      <UniqueIdentifier>{4FC737F1-C7A5-4376-A066-2A32D752A2FF}</UniqueIdentifier>
      <Extensions>cpp;c;cc;cxx;def;odl;idl;hpj;bat;asm;asmx</Extensions>
    </Filter>
    <Filter Include="Header Files">
      <UniqueIdentifier>{93995380-89BD-4B04-88EB-625FBE52EBFB}</UniqueIdentifier>
      <Extensions>h;hpp;hxx;hm;inl;inc;xsd</Extensions>
    </Filter>
    <Filter Include="Controller Core">
      <UniqueIdentifier>{E92006D3-6F17-4B9A-8D3F-4B8895542C34}</UniqueIdentifier>
    </Filter>
    <Filter Include="Controller Core\Monitoring">
      <UniqueIdentifier>{0FD09C75-AB55-4CBF-B166-3D290A2D6D68}</UniqueIdentifier>
    </Filter>
    <Filter Include="Controller Core\Correlation">
      <UniqueIdentifier>{11F1DAB2-2F24-4222-849F-2DA36C4A9C36}</UniqueIdentifier>
    </Filter>
    <Filter Include="Controller Core\IPC">
      <UniqueIdentifier>{3A8D08C0-E26A-4D4C-890D-AC624EFB6664}</UniqueIdentifier>
    </Filter>
    <Filter Include="Controller Core\Runtime">
      <UniqueIdentifier>{10E43AC5-3A7A-4D93-87E0-A89656A75485}</UniqueIdentifier>
    </Filter>
    <Filter Include="Controller Core\Injection">
      <UniqueIdentifier>{538DE716-C03C-4F3C-B415-8A8EF53B90A5}</UniqueIdentifier>
    </Filter>
  </ItemGroup>
  <ItemGroup>
    <ClCompile Include="..\user\controller\core\injection\blackbird_controller_injection.c">
      <Filter>Controller Core\Injection</Filter>
    </ClCompile>
    <ClCompile Include="..\user\controller\core\monitoring\blackbird_controller_subscriptions.c">
      <Filter>Controller Core\Monitoring</Filter>
    </ClCompile>
    <ClCompile Include="..\user\controller\core\monitoring\blackbird_controller_etw_monitor.c">
      <Filter>Controller Core\Monitoring</Filter>
    </ClCompile>
    <ClCompile Include="..\user\controller\core\correlation\blackbird_controller_hollowing.c">
      <Filter>Controller Core\Correlation</Filter>
    </ClCompile>
    <ClCompile Include="..\user\controller\core\ipc\blackbird_controller_ipc.c">
      <Filter>Controller Core\IPC</Filter>
    </ClCompile>
    <ClCompile Include="..\user\controller\core\runtime\blackbird_controller_symbol_service.c">
      <Filter>Controller Core\Runtime</Filter>
    </ClCompile>
    <ClCompile Include="..\user\controller\core\runtime\blackbird_controller_runtime.c">
      <Filter>Controller Core\Runtime</Filter>
    </ClCompile>
    <ClCompile Include="..\user\controller\blackbird_controller.c">
      <Filter>Source Files</Filter>
    </ClCompile>
  </ItemGroup>
  <ItemGroup>
    <ClInclude Include="..\abi\blackbird_ipc.h">
      <Filter>Header Files</Filter>
    </ClInclude>
    <ClInclude Include="..\abi\blackbird_ioctl.h">
      <Filter>Header Files</Filter>
    </ClInclude>
    <ClInclude Include="..\user\sensor\blackbird_sensor_core.h">
      <Filter>Header Files</Filter>
    </ClInclude>
    <ClInclude Include="..\user\controller\core\injection\blackbird_controller_injection.h">
      <Filter>Controller Core\Injection</Filter>
    </ClInclude>
    <ClInclude Include="..\user\controller\core\blackbird_controller_private.h">
      <Filter>Controller Core</Filter>
    </ClInclude>
  </ItemGroup>
  <ItemGroup>
    <None Include="..\user\controller\core\README.md">
      <Filter>Controller Core</Filter>
    </None>
  </ItemGroup>
</Project>
