<?xml version="1.0" encoding="utf-8"?>
<Project ToolsVersion="4.0" xmlns="http://schemas.microsoft.com/developer/msbuild/2003">
  <ItemGroup>
    <Filter Include="Source Files">
      <UniqueIdentifier>{4FC737F1-C7A5-4376-A066-2A32D752A2FF}</UniqueIdentifier>
      <Extensions>cpp;c;cc;cxx;def;odl;idl;hpj;bat;asm;asmx</Extensions>
    </Filter>
    <Filter Include="Source Files\Core">
      <UniqueIdentifier>{9B75AA15-DAB7-4F41-9BA7-D1A94BC0A46D}</UniqueIdentifier>
    </Filter>
    <Filter Include="Source Files\Monitors">
      <UniqueIdentifier>{6B77FDF4-F15D-45D6-B2E6-D2093A2B9B5F}</UniqueIdentifier>
    </Filter>
    <Filter Include="Source Files\Telemetry">
      <UniqueIdentifier>{FF11D598-F8A2-4E52-9BB9-B6F6FF90CCF8}</UniqueIdentifier>
    </Filter>
    <Filter Include="Source Files\Correlation">
      <UniqueIdentifier>{9752D0C8-ED3B-4B94-B150-6126B3F08E49}</UniqueIdentifier>
    </Filter>
    <Filter Include="Source Files\Hooks">
      <UniqueIdentifier>{D1A775A4-BB84-4A26-A782-B43D267D11B2}</UniqueIdentifier>
    </Filter>
    <Filter Include="Source Files\AntiVirt">
      <UniqueIdentifier>{2B3A2C17-7EE8-4E6A-A8A1-4D667F2CF4F2}</UniqueIdentifier>
    </Filter>
    <Filter Include="Header Files">
      <UniqueIdentifier>{93995380-89BD-4b04-88EB-625FBE52EBFB}</UniqueIdentifier>
      <Extensions>h;hpp;hxx;hm;inl;inc;xsd</Extensions>
    </Filter>
    <Filter Include="Header Files\Core">
      <UniqueIdentifier>{F6CBE2F0-6DEA-46AA-9540-3232A5A9A6C3}</UniqueIdentifier>
    </Filter>
    <Filter Include="Header Files\Monitors">
      <UniqueIdentifier>{568765D5-EADF-40B9-9788-09F296F4D886}</UniqueIdentifier>
    </Filter>
    <Filter Include="Header Files\Telemetry">
      <UniqueIdentifier>{58A789E2-4585-40F6-946E-AFCB8AA10567}</UniqueIdentifier>
    </Filter>
    <Filter Include="Header Files\Correlation">
      <UniqueIdentifier>{5D34695C-8C09-4C2B-8B65-EA830A2F7495}</UniqueIdentifier>
    </Filter>
    <Filter Include="Header Files\Hooks">
      <UniqueIdentifier>{A2C1E4B5-17D9-4A9D-8F12-7359C443C4C6}</UniqueIdentifier>
    </Filter>
    <Filter Include="Header Files\AntiVirt">
      <UniqueIdentifier>{72A6F6E8-5B7D-4B26-9A18-07F2B8B8C137}</UniqueIdentifier>
    </Filter>
    <Filter Include="Header Files\ABI">
      <UniqueIdentifier>{6F1BDA0C-CA16-4CF5-A322-C77F20EE6474}</UniqueIdentifier>
    </Filter>
    <Filter Include="Driver Files">
      <UniqueIdentifier>{8E41214B-6785-4CFE-B992-037D68949A14}</UniqueIdentifier>
      <Extensions>inf;inv;inx;mof;mc;</Extensions>
    </Filter>
  </ItemGroup>
  <ItemGroup>
    <Inf Include="..\Blackbird.inf">
      <Filter>Driver Files</Filter>
    </Inf>
  </ItemGroup>
  <ItemGroup>
    <ClCompile Include="..\kernel\core\control.c">
      <Filter>Source Files\Core</Filter>
    </ClCompile>
    <ClCompile Include="..\kernel\core\control\control_common.c">
      <Filter>Source Files\Core</Filter>
    </ClCompile>
    <ClCompile Include="..\kernel\core\control\control_ioctl_handlers.c">
      <Filter>Source Files\Core</Filter>
    </ClCompile>
    <ClCompile Include="..\kernel\core\control\control_dispatch_init.c">
      <Filter>Source Files\Core</Filter>
    </ClCompile>
    <ClCompile Include="..\kernel\core\control\control_uninit_exports.c">
      <Filter>Source Files\Core</Filter>
    </ClCompile>
    <ClCompile Include="..\kernel\core\driver.c">
      <Filter>Source Files\Core</Filter>
    </ClCompile>
    <ClCompile Include="..\kernel\core\crt_compat.c">
      <Filter>Source Files\Core</Filter>
    </ClCompile>
    <ClCompile Include="..\kernel\monitors\handle_monitor.c">
      <Filter>Source Files\Monitors</Filter>
    </ClCompile>
    <ClCompile Include="..\kernel\monitors\anti_tamper.c">
      <Filter>Source Files\Monitors</Filter>
    </ClCompile>
    <ClCompile Include="..\kernel\monitors\apc_monitor.c">
      <Filter>Source Files\Monitors</Filter>
    </ClCompile>
    <ClCompile Include="..\kernel\correlation\intent_store.c">
      <Filter>Source Files\Correlation</Filter>
    </ClCompile>
    <ClCompile Include="..\kernel\correlation\hollowing_engine.c">
      <Filter>Source Files\Correlation</Filter>
    </ClCompile>
    <ClCompile Include="..\kernel\monitors\image_monitor.c">
      <Filter>Source Files\Monitors</Filter>
    </ClCompile>
    <ClCompile Include="..\kernel\monitors\process_monitor.c">
      <Filter>Source Files\Monitors</Filter>
    </ClCompile>
    <ClCompile Include="..\kernel\antivirt\registry_concealment.c">
      <Filter>Source Files\AntiVirt</Filter>
    </ClCompile>
    <ClCompile Include="..\kernel\monitors\registry_monitor.c">
      <Filter>Source Files\Monitors</Filter>
    </ClCompile>
    <ClCompile Include="..\kernel\monitors\thread_monitor.c">
      <Filter>Source Files\Monitors</Filter>
    </ClCompile>
    <ClCompile Include="..\kernel\telemetry\etw.c">
      <Filter>Source Files\Telemetry</Filter>
    </ClCompile>
    <ClCompile Include="..\kernel\monitors\filesystem_monitor.c">
      <Filter>Source Files\Monitors</Filter>
    </ClCompile>
    <ClCompile Include="..\kernel\hooks\hook\ntapi_hook.c">
      <Filter>Source Files\Hooks</Filter>
    </ClCompile>
    <ClCompile Include="..\kernel\hooks\hook\ntapi_hook_ldasm.c">
      <Filter>Source Files\Hooks</Filter>
    </ClCompile>
    <ClCompile Include="..\kernel\hooks\hook\ntapi_hook_resolve.c">
      <Filter>Source Files\Hooks</Filter>
    </ClCompile>
    <ClCompile Include="..\kernel\hooks\monitor\ntapi_monitor.c">
      <Filter>Source Files\Hooks</Filter>
    </ClCompile>
    <ClCompile Include="..\kernel\hooks\monitor\ntapi_monitor_hooks.c">
      <Filter>Source Files\Hooks</Filter>
    </ClCompile>
    <ClCompile Include="..\kernel\antivirt\antivirt_ntapi_firmware.c">
      <Filter>Source Files\AntiVirt</Filter>
    </ClCompile>
  </ItemGroup>
  <ItemGroup>
    <MASM Include="..\kernel\hooks\asm\ntapi_stubs.asm">
      <Filter>Source Files\Hooks</Filter>
    </MASM>
  </ItemGroup>
  <ItemGroup>
    <ClInclude Include="..\kernel\core\control.h">
      <Filter>Header Files\Core</Filter>
    </ClInclude>
    <ClInclude Include="..\kernel\core\control\control_private.h">
      <Filter>Header Files\Core</Filter>
    </ClInclude>
    <ClInclude Include="..\kernel\core\protection_utils.h">
      <Filter>Header Files\Core</Filter>
    </ClInclude>
    <ClInclude Include="..\kernel\core\unicode_utils.h">
      <Filter>Header Files\Core</Filter>
    </ClInclude>
    <ClInclude Include="..\kernel\monitors\handle_monitor.h">
      <Filter>Header Files\Monitors</Filter>
    </ClInclude>
    <ClInclude Include="..\kernel\monitors\anti_tamper.h">
      <Filter>Header Files\Monitors</Filter>
    </ClInclude>
    <ClInclude Include="..\kernel\monitors\apc_monitor.h">
      <Filter>Header Files\Monitors</Filter>
    </ClInclude>
    <ClInclude Include="..\kernel\correlation\intent_store.h">
      <Filter>Header Files\Correlation</Filter>
    </ClInclude>
    <ClInclude Include="..\kernel\correlation\hollowing_engine.h">
      <Filter>Header Files\Correlation</Filter>
    </ClInclude>
    <ClInclude Include="..\kernel\monitors\image_monitor.h">
      <Filter>Header Files\Monitors</Filter>
    </ClInclude>
    <ClInclude Include="..\kernel\monitors\process_monitor.h">
      <Filter>Header Files\Monitors</Filter>
    </ClInclude>
    <ClInclude Include="..\kernel\antivirt\registry_concealment.h">
      <Filter>Header Files\AntiVirt</Filter>
    </ClInclude>
    <ClInclude Include="..\kernel\monitors\registry_monitor.h">
      <Filter>Header Files\Monitors</Filter>
    </ClInclude>
    <ClInclude Include="..\kernel\monitors\thread_monitor.h">
      <Filter>Header Files\Monitors</Filter>
    </ClInclude>
    <ClInclude Include="..\kernel\telemetry\etw.h">
      <Filter>Header Files\Telemetry</Filter>
    </ClInclude>
    <ClInclude Include="..\abi\blackbird_ioctl.h">
      <Filter>Header Files\ABI</Filter>
    </ClInclude>
    <ClInclude Include="..\kernel\monitors\filesystem_monitor.h">
      <Filter>Header Files\Monitors</Filter>
    </ClInclude>
    <ClInclude Include="..\kernel\hooks\hook\ntapi_hook.h">
      <Filter>Header Files\Hooks</Filter>
    </ClInclude>
    <ClInclude Include="..\kernel\hooks\hook\ntapi_hook_ldasm.h">
      <Filter>Header Files\Hooks</Filter>
    </ClInclude>
    <ClInclude Include="..\kernel\hooks\monitor\ntapi_monitor.h">
      <Filter>Header Files\Hooks</Filter>
    </ClInclude>
    <ClInclude Include="..\kernel\hooks\monitor\ntapi_monitor_private.h">
      <Filter>Header Files\Hooks</Filter>
    </ClInclude>
  </ItemGroup>
  <ItemGroup>
    <ClCompile Include="..\kernel\core\runtime_config.c">
      <Filter>Source Files\Core</Filter>
    </ClCompile>
    <ClInclude Include="..\kernel\core\runtime_config.h">
      <Filter>Header Files\Core</Filter>
    </ClInclude>
  </ItemGroup></Project>

